// !$*UTF8*$!
{
	archiveVersion = 1;
	classes = {
	};
	objectVersion = 46;
	objects = {

/* Begin PBXBuildFile section */
		D2AF67CE1E5B363B00950CA8 /* RecentCallsManager.swift in Sources */ = {isa = PBXBuildFile; fileRef = D2AF67CD1E5B363B00950CA8 /* RecentCallsManager.swift */; };
		D2AF67F21E5B3D5F00950CA8 /* CallCounterModel.xcdatamodeld in Sources */ = {isa = PBXBuildFile; fileRef = D2AF67F01E5B3D5F00950CA8 /* CallCounterModel.xcdatamodeld */; };
		D2B28BE61DF2F64C009BA73B /* AppDelegate.swift in Sources */ = {isa = PBXBuildFile; fileRef = D2B28BE51DF2F64C009BA73B /* AppDelegate.swift */; };
		D2B28BE81DF2F64C009BA73B /* DialerViewController.swift in Sources */ = {isa = PBXBuildFile; fileRef = D2B28BE71DF2F64C009BA73B /* DialerViewController.swift */; };
		D2B28BEB1DF2F64C009BA73B /* Main.storyboard in Resources */ = {isa = PBXBuildFile; fileRef = D2B28BE91DF2F64C009BA73B /* Main.storyboard */; };
		D2B28BED1DF2F64C009BA73B /* Assets.xcassets in Resources */ = {isa = PBXBuildFile; fileRef = D2B28BEC1DF2F64C009BA73B /* Assets.xcassets */; };
		D2B28BF01DF2F64C009BA73B /* LaunchScreen.storyboard in Resources */ = {isa = PBXBuildFile; fileRef = D2B28BEE1DF2F64C009BA73B /* LaunchScreen.storyboard */; };
		D2B28C011DF2FDC1009BA73B /* ContactsManager.swift in Sources */ = {isa = PBXBuildFile; fileRef = D2B28C001DF2FDC1009BA73B /* ContactsManager.swift */; };
		D2B28C051DF2FE10009BA73B /* Contact.swift in Sources */ = {isa = PBXBuildFile; fileRef = D2B28C041DF2FE10009BA73B /* Contact.swift */; };
		D2E478A31E5B1E06000EB5AB /* ContactsTableViewCell.swift in Sources */ = {isa = PBXBuildFile; fileRef = D2E478A21E5B1E06000EB5AB /* ContactsTableViewCell.swift */; };
/* End PBXBuildFile section */

/* Begin PBXFileReference section */
		D2AF67CD1E5B363B00950CA8 /* RecentCallsManager.swift */ = {isa = PBXFileReference; fileEncoding = 4; lastKnownFileType = sourcecode.swift; path = RecentCallsManager.swift; sourceTree = "<group>"; };
		D2AF67F11E5B3D5F00950CA8 /* CallCounterModel.xcdatamodel */ = {isa = PBXFileReference; lastKnownFileType = wrapper.xcdatamodel; path = CallCounterModel.xcdatamodel; sourceTree = "<group>"; };
		D2B28BE21DF2F64C009BA73B /* SmartDialer.app */ = {isa = PBXFileReference; explicitFileType = wrapper.application; includeInIndex = 0; path = SmartDialer.app; sourceTree = BUILT_PRODUCTS_DIR; };
		D2B28BE51DF2F64C009BA73B /* AppDelegate.swift */ = {isa = PBXFileReference; lastKnownFileType = sourcecode.swift; path = AppDelegate.swift; sourceTree = "<group>"; };
		D2B28BE71DF2F64C009BA73B /* DialerViewController.swift */ = {isa = PBXFileReference; lastKnownFileType = sourcecode.swift; path = DialerViewController.swift; sourceTree = "<group>"; };
		D2B28BEA1DF2F64C009BA73B /* Base */ = {isa = PBXFileReference; lastKnownFileType = file.storyboard; name = Base; path = Base.lproj/Main.storyboard; sourceTree = "<group>"; };
		D2B28BEC1DF2F64C009BA73B /* Assets.xcassets */ = {isa = PBXFileReference; lastKnownFileType = folder.assetcatalog; path = Assets.xcassets; sourceTree = "<group>"; };
		D2B28BEF1DF2F64C009BA73B /* Base */ = {isa = PBXFileReference; lastKnownFileType = file.storyboard; name = Base; path = Base.lproj/LaunchScreen.storyboard; sourceTree = "<group>"; };
		D2B28BF11DF2F64C009BA73B /* Info.plist */ = {isa = PBXFileReference; lastKnownFileType = text.plist.xml; path = Info.plist; sourceTree = "<group>"; };
		D2B28C001DF2FDC1009BA73B /* ContactsManager.swift */ = {isa = PBXFileReference; fileEncoding = 4; lastKnownFileType = sourcecode.swift; path = ContactsManager.swift; sourceTree = "<group>"; };
		D2B28C041DF2FE10009BA73B /* Contact.swift */ = {isa = PBXFileReference; fileEncoding = 4; lastKnownFileType = sourcecode.swift; path = Contact.swift; sourceTree = "<group>"; };
		D2E478A21E5B1E06000EB5AB /* ContactsTableViewCell.swift */ = {isa = PBXFileReference; fileEncoding = 4; lastKnownFileType = sourcecode.swift; path = ContactsTableViewCell.swift; sourceTree = "<group>"; };
/* End PBXFileReference section */

/* Begin PBXFrameworksBuildPhase section */
		D2B28BDF1DF2F64C009BA73B /* Frameworks */ = {
			isa = PBXFrameworksBuildPhase;
			buildActionMask = 2147483647;
			files = (
			);
			runOnlyForDeploymentPostprocessing = 0;
		};
/* End PBXFrameworksBuildPhase section */

/* Begin PBXGroup section */
		D2B28BD91DF2F64C009BA73B = {
			isa = PBXGroup;
			children = (
				D2B28BE41DF2F64C009BA73B /* SmartDialer */,
				D2B28BE31DF2F64C009BA73B /* Products */,
			);
			sourceTree = "<group>";
		};
		D2B28BE31DF2F64C009BA73B /* Products */ = {
			isa = PBXGroup;
			children = (
				D2B28BE21DF2F64C009BA73B /* SmartDialer.app */,
			);
			name = Products;
			sourceTree = "<group>";
		};
		D2B28BE41DF2F64C009BA73B /* SmartDialer */ = {
			isa = PBXGroup;
			children = (
				D2B28BF71DF2F85D009BA73B /* View */,
				D2B28BF81DF2F869009BA73B /* Controller */,
				D2B28BF91DF2F879009BA73B /* Model */,
				D2B28C031DF2FDFD009BA73B /* Business Logic */,
				D2B28BE51DF2F64C009BA73B /* AppDelegate.swift */,
				D2B28BEC1DF2F64C009BA73B /* Assets.xcassets */,
				D2B28BEE1DF2F64C009BA73B /* LaunchScreen.storyboard */,
				D2B28BF11DF2F64C009BA73B /* Info.plist */,
			);
			path = SmartDialer;
			sourceTree = "<group>";
		};
		D2B28BF71DF2F85D009BA73B /* View */ = {
			isa = PBXGroup;
			children = (
				D2B28BE91DF2F64C009BA73B /* Main.storyboard */,
				D2E478A21E5B1E06000EB5AB /* ContactsTableViewCell.swift */,
			);
			name = View;
			sourceTree = "<group>";
		};
		D2B28BF81DF2F869009BA73B /* Controller */ = {
			isa = PBXGroup;
			children = (
				D2B28BE71DF2F64C009BA73B /* DialerViewController.swift */,
			);
			name = Controller;
			sourceTree = "<group>";
		};
		D2B28BF91DF2F879009BA73B /* Model */ = {
			isa = PBXGroup;
			children = (
				D2B28C041DF2FE10009BA73B /* Contact.swift */,
				D2AF67F01E5B3D5F00950CA8 /* CallCounterModel.xcdatamodeld */,
			);
			name = Model;
			sourceTree = "<group>";
		};
		D2B28C031DF2FDFD009BA73B /* Business Logic */ = {
			isa = PBXGroup;
			children = (
				D2B28C001DF2FDC1009BA73B /* ContactsManager.swift */,
				D2AF67CD1E5B363B00950CA8 /* RecentCallsManager.swift */,
			);
			name = "Business Logic";
			sourceTree = "<group>";
		};
/* End PBXGroup section */

/* Begin PBXNativeTarget section */
		D2B28BE11DF2F64C009BA73B /* SmartDialer */ = {
			isa = PBXNativeTarget;
			buildConfigurationList = D2B28BF41DF2F64C009BA73B /* Build configuration list for PBXNativeTarget "SmartDialer" */;
			buildPhases = (
				D2B28BDE1DF2F64C009BA73B /* Sources */,
				D2B28BDF1DF2F64C009BA73B /* Frameworks */,
				D2B28BE01DF2F64C009BA73B /* Resources */,
			);
			buildRules = (
			);
			dependencies = (
			);
			name = SmartDialer;
			productName = SmartDialer;
			productReference = D2B28BE21DF2F64C009BA73B /* SmartDialer.app */;
			productType = "com.apple.product-type.application";
		};
/* End PBXNativeTarget section */

/* Begin PBXProject section */
		D2B28BDA1DF2F64C009BA73B /* Project object */ = {
			isa = PBXProject;
			attributes = {
				LastSwiftUpdateCheck = 0810;
				LastUpgradeCheck = 0820;
				ORGANIZATIONNAME = "Mihai Costiug";
				TargetAttributes = {
					D2B28BE11DF2F64C009BA73B = {
						CreatedOnToolsVersion = 8.1;
						DevelopmentTeam = JUAVEUGBD7;
						ProvisioningStyle = Automatic;
					};
				};
			};
			buildConfigurationList = D2B28BDD1DF2F64C009BA73B /* Build configuration list for PBXProject "SmartDialer" */;
			compatibilityVersion = "Xcode 3.2";
			developmentRegion = English;
			hasScannedForEncodings = 0;
			knownRegions = (
				en,
				Base,
			);
			mainGroup = D2B28BD91DF2F64C009BA73B;
			productRefGroup = D2B28BE31DF2F64C009BA73B /* Products */;
			projectDirPath = "";
			projectRoot = "";
			targets = (
				D2B28BE11DF2F64C009BA73B /* SmartDialer */,
			);
		};
/* End PBXProject section */

/* Begin PBXResourcesBuildPhase section */
		D2B28BE01DF2F64C009BA73B /* Resources */ = {
			isa = PBXResourcesBuildPhase;
			buildActionMask = 2147483647;
			files = (
				D2B28BF01DF2F64C009BA73B /* LaunchScreen.storyboard in Resources */,
				D2B28BED1DF2F64C009BA73B /* Assets.xcassets in Resources */,
				D2B28BEB1DF2F64C009BA73B /* Main.storyboard in Resources */,
			);
			runOnlyForDeploymentPostprocessing = 0;
		};
/* End PBXResourcesBuildPhase section */

/* Begin PBXSourcesBuildPhase section */
		D2B28BDE1DF2F64C009BA73B /* Sources */ = {
			isa = PBXSourcesBuildPhase;
			buildActionMask = 2147483647;
			files = (
				D2B28C051DF2FE10009BA73B /* Contact.swift in Sources */,
				D2B28BE81DF2F64C009BA73B /* DialerViewController.swift in Sources */,
				D2AF67F21E5B3D5F00950CA8 /* CallCounterModel.xcdatamodeld in Sources */,
				D2AF67CE1E5B363B00950CA8 /* RecentCallsManager.swift in Sources */,
				D2E478A31E5B1E06000EB5AB /* ContactsTableViewCell.swift in Sources */,
				D2B28C011DF2FDC1009BA73B /* ContactsManager.swift in Sources */,
				D2B28BE61DF2F64C009BA73B /* AppDelegate.swift in Sources */,
			);
			runOnlyForDeploymentPostprocessing = 0;
		};
/* End PBXSourcesBuildPhase section */

/* Begin PBXVariantGroup section */
		D2B28BE91DF2F64C009BA73B /* Main.storyboard */ = {
			isa = PBXVariantGroup;
			children = (
				D2B28BEA1DF2F64C009BA73B /* Base */,
			);
			name = Main.storyboard;
			sourceTree = "<group>";
		};
		D2B28BEE1DF2F64C009BA73B /* LaunchScreen.storyboard */ = {
			isa = PBXVariantGroup;
			children = (
				D2B28BEF1DF2F64C009BA73B /* Base */,
			);
			name = LaunchScreen.storyboard;
			sourceTree = "<group>";
		};
/* End PBXVariantGroup section */

/* Begin XCBuildConfiguration section */
		D2B28BF21DF2F64C009BA73B /* Debug */ = {
			isa = XCBuildConfiguration;
			buildSettings = {
				ALWAYS_SEARCH_USER_PATHS = NO;
				CLANG_ANALYZER_NONNULL = YES;
				CLANG_CXX_LANGUAGE_STANDARD = "gnu++0x";
				CLANG_CXX_LIBRARY = "libc++";
				CLANG_ENABLE_MODULES = YES;
				CLANG_ENABLE_OBJC_ARC = YES;
				CLANG_WARN_BOOL_CONVERSION = YES;
				CLANG_WARN_CONSTANT_CONVERSION = YES;
				CLANG_WARN_DIRECT_OBJC_ISA_USAGE = YES_ERROR;
				CLANG_WARN_DOCUMENTATION_COMMENTS = YES;
				CLANG_WARN_EMPTY_BODY = YES;
				CLANG_WARN_ENUM_CONVERSION = YES;
				CLANG_WARN_INFINITE_RECURSION = YES;
				CLANG_WARN_INT_CONVERSION = YES;
				CLANG_WARN_OBJC_ROOT_CLASS = YES_ERROR;
				CLANG_WARN_SUSPICIOUS_MOVE = YES;
				CLANG_WARN_SUSPICIOUS_MOVES = YES;
				CLANG_WARN_UNREACHABLE_CODE = YES;
				CLANG_WARN__DUPLICATE_METHOD_MATCH = YES;
				"CODE_SIGN_IDENTITY[sdk=iphoneos*]" = "iPhone Developer";
				COPY_PHASE_STRIP = NO;
				DEBUG_INFORMATION_FORMAT = dwarf;
				ENABLE_STRICT_OBJC_MSGSEND = YES;
				ENABLE_TESTABILITY = YES;
				GCC_C_LANGUAGE_STANDARD = gnu99;
				GCC_DYNAMIC_NO_PIC = NO;
				GCC_NO_COMMON_BLOCKS = YES;
				GCC_OPTIMIZATION_LEVEL = 0;
				GCC_PREPROCESSOR_DEFINITIONS = (
					"DEBUG=1",
					"$(inherited)",
				);
				GCC_WARN_64_TO_32_BIT_CONVERSION = YES;
				GCC_WARN_ABOUT_RETURN_TYPE = YES_ERROR;
				GCC_WARN_UNDECLARED_SELECTOR = YES;
				GCC_WARN_UNINITIALIZED_AUTOS = YES_AGGRESSIVE;
				GCC_WARN_UNUSED_FUNCTION = YES;
				GCC_WARN_UNUSED_VARIABLE = YES;
				IPHONEOS_DEPLOYMENT_TARGET = 10.1;
				MTL_ENABLE_DEBUG_INFO = YES;
				ONLY_ACTIVE_ARCH = YES;
				SDKROOT = iphoneos;
				SWIFT_ACTIVE_COMPILATION_CONDITIONS = DEBUG;
				SWIFT_OPTIMIZATION_LEVEL = "-Onone";
			};
			name = Debug;
		};
		D2B28BF31DF2F64C009BA73B /* Release */ = {
			isa = XCBuildConfiguration;
			buildSettings = {
				ALWAYS_SEARCH_USER_PATHS = NO;
				CLANG_ANALYZER_NONNULL = YES;
				CLANG_CXX_LANGUAGE_STANDARD = "gnu++0x";
				CLANG_CXX_LIBRARY = "libc++";
				CLANG_ENABLE_MODULES = YES;
				CLANG_ENABLE_OBJC_ARC = YES;
				CLANG_WARN_BOOL_CONVERSION = YES;
				CLANG_WARN_CONSTANT_CONVERSION = YES;
				CLANG_WARN_DIRECT_OBJC_ISA_USAGE = YES_ERROR;
				CLANG_WARN_DOCUMENTATION_COMMENTS = YES;
				CLANG_WARN_EMPTY_BODY = YES;
				CLANG_WARN_ENUM_CONVERSION = YES;
				CLANG_WARN_INFINITE_RECURSION = YES;
				CLANG_WARN_INT_CONVERSION = YES;
				CLANG_WARN_OBJC_ROOT_CLASS = YES_ERROR;
				CLANG_WARN_SUSPICIOUS_MOVE = YES;
				CLANG_WARN_SUSPICIOUS_MOVES = YES;
				CLANG_WARN_UNREACHABLE_CODE = YES;
				CLANG_WARN__DUPLICATE_METHOD_MATCH = YES;
				"CODE_SIGN_IDENTITY[sdk=iphoneos*]" = "iPhone Developer";
				COPY_PHASE_STRIP = NO;
				DEBUG_INFORMATION_FORMAT = "dwarf-with-dsym";
				ENABLE_NS_ASSERTIONS = NO;
				ENABLE_STRICT_OBJC_MSGSEND = YES;
				GCC_C_LANGUAGE_STANDARD = gnu99;
				GCC_NO_COMMON_BLOCKS = YES;
				GCC_WARN_64_TO_32_BIT_CONVERSION = YES;
				GCC_WARN_ABOUT_RETURN_TYPE = YES_ERROR;
				GCC_WARN_UNDECLARED_SELECTOR = YES;
				GCC_WARN_UNINITIALIZED_AUTOS = YES_AGGRESSIVE;
				GCC_WARN_UNUSED_FUNCTION = YES;
				GCC_WARN_UNUSED_VARIABLE = YES;
				IPHONEOS_DEPLOYMENT_TARGET = 10.1;
				MTL_ENABLE_DEBUG_INFO = NO;
				SDKROOT = iphoneos;
				SWIFT_OPTIMIZATION_LEVEL = "-Owholemodule";
				VALIDATE_PRODUCT = YES;
			};
			name = Release;
		};
		D2B28BF51DF2F64C009BA73B /* Debug */ = {
			isa = XCBuildConfiguration;
			buildSettings = {
				ASSETCATALOG_COMPILER_APPICON_NAME = AppIcon;
				DEVELOPMENT_TEAM = JUAVEUGBD7;
				INFOPLIST_FILE = SmartDialer/Info.plist;
				LD_RUNPATH_SEARCH_PATHS = "$(inherited) @executable_path/Frameworks";
				PRODUCT_BUNDLE_IDENTIFIER = com.mco.SmartDialer;
				PRODUCT_NAME = "$(TARGET_NAME)";
				SWIFT_VERSION = 3.0;
			};
			name = Debug;
		};
		D2B28BF61DF2F64C009BA73B /* Release */ = {
			isa = XCBuildConfiguration;
			buildSettings = {
				ASSETCATALOG_COMPILER_APPICON_NAME = AppIcon;
				DEVELOPMENT_TEAM = JUAVEUGBD7;
				INFOPLIST_FILE = SmartDialer/Info.plist;
				LD_RUNPATH_SEARCH_PATHS = "$(inherited) @executable_path/Frameworks";
				PRODUCT_BUNDLE_IDENTIFIER = com.mco.SmartDialer;
				PRODUCT_NAME = "$(TARGET_NAME)";
				SWIFT_VERSION = 3.0;
			};
			name = Release;
		};
/* End XCBuildConfiguration section */

/* Begin XCConfigurationList section */
		D2B28BDD1DF2F64C009BA73B /* Build configuration list for PBXProject "SmartDialer" */ = {
			isa = XCConfigurationList;
			buildConfigurations = (
				D2B28BF21DF2F64C009BA73B /* Debug */,
				D2B28BF31DF2F64C009BA73B /* Release */,
			);
			defaultConfigurationIsVisible = 0;
			defaultConfigurationName = Release;
		};
		D2B28BF41DF2F64C009BA73B /* Build configuration list for PBXNativeTarget "SmartDialer" */ = {
			isa = XCConfigurationList;
			buildConfigurations = (
				D2B28BF51DF2F64C009BA73B /* Debug */,
				D2B28BF61DF2F64C009BA73B /* Release */,
			);
			defaultConfigurationIsVisible = 0;
			defaultConfigurationName = Release;
		};
/* End XCConfigurationList section */

/* Begin XCVersionGroup section */
		D2AF67F01E5B3D5F00950CA8 /* CallCounterModel.xcdatamodeld */ = {
			isa = XCVersionGroup;
			children = (
				D2AF67F11E5B3D5F00950CA8 /* CallCounterModel.xcdatamodel */,
			);
			currentVersion = D2AF67F11E5B3D5F00950CA8 /* CallCounterModel.xcdatamodel */;
			path = CallCounterModel.xcdatamodeld;
			sourceTree = "<group>";
			versionGroupType = wrapper.xcdatamodel;
		};
/* End XCVersionGroup section */
	};
	rootObject = D2B28BDA1DF2F64C009BA73B /* Project object */;
}
